{
  "name": "rollertoaster",
  "version": "1.0.0",
  "lockfileVersion": 1,
  "requires": true,
  "dependencies": {
    "cjopus": {
      "version": "0.0.4",
      "resolved": "https://registry.npmjs.org/cjopus/-/cjopus-0.0.4.tgz",
      "integrity": "sha512-xN+l8Ju6goxhJOIDfZoyViA5TYAxpnEo9iTKFvP1XBK/c7pmfAcu8QxpQLBBpjs6dFgh4I/MqouAIK1oBoOkWA=="
    },
    "discord.io": {
      "version": "2.5.3",
      "resolved": "https://registry.npmjs.org/discord.io/-/discord.io-2.5.3.tgz",
      "integrity": "sha512-XX/zKO8ZXV5L1MdWJvJnAZS9f6rEkFBZt2kpqSav8Y+bFJV6UFGMbB5iGD1EG9BpXP9evw1g25HmjSPlJ30l4A==",
      "requires": {
        "cjopus": "^0.0.4",
        "tweetnacl": "^0.14.0",
        "ws": "^1.1.0"
      }
    },
    "options": {
      "version": "0.0.6",
      "resolved": "https://registry.npmjs.org/options/-/options-0.0.6.tgz",
      "integrity": "sha512-bOj3L1ypm++N+n7CEbbe473A414AB7z+amKYshRb//iuL3MpdDCLhPnw6aVTdKB9g5ZRVHIEp8eUln6L2NUStg=="
    },
    "tweetnacl": {
      "version": "0.14.5",
      "resolved": "https://registry.npmjs.org/tweetnacl/-/tweetnacl-0.14.5.tgz",
      "integrity": "sha512-KXXFFdAbFXY4geFIwoyNK+f5Z1b7swfXABfL7HXCmoIWMKU3dmS26672A4EeQtDzLKy7SXmfBu51JolvEKwtGA=="
    },
    "ultron": {
      "version": "1.0.2",
      "resolved": "https://registry.npmjs.org/ultron/-/ultron-1.0.2.tgz",
      "integrity": "sha512-QMpnpVtYaWEeY+MwKDN/UdKlE/LsFZXM5lO1u7GaZzNgmIbGixHEmVMIKT+vqYOALu3m5GYQy9kz4Xu4IVn7Ow=="
    },
    "ws": {
      "version": "1.1.5",
      "resolved": "https://registry.npmjs.org/ws/-/ws-1.1.5.tgz",
      "integrity": "sha512-o3KqipXNUdS7wpQzBHSe180lBGO60SoK0yVo3CYJgb2MkobuWuBX6dhkYP5ORCLd55y+SaflMOV5fqAB53ux4w==",
      "requires": {
        "options": ">=0.0.5",
        "ultron": "1.0.x"
      }
    }
  }
}
